
Microsoft Visual Studio Solution File, Format Version 12.00
# Visual Studio 15
VisualStudioVersion = 15.0.26730.16
MinimumVisualStudioVersion = 10.0.40219.1
Project("{9A19103F-16F7-4668-BE54-9A1E7A4F7556}") = "EmployeeSignalR", "EmployeeSignalR\EmployeeSignalR.csproj", "{B079204F-4073-47A8-A702-635D02B12DB3}"
EndProject
Project("{9A19103F-16F7-4668-BE54-9A1E7A4F7556}") = "SignalRClient1", "SignalRClient1\SignalRClient1.csproj", "{A64684E5-7D15-4B00-848F-90711E2102B2}"
EndProject
Project("{9A19103F-16F7-4668-BE54-9A1E7A4F7556}") = "MessageSender", "MessageSender\MessageSender.csproj", "{83CB2F47-5C5D-429C-95E2-7EB64D845561}"
EndProject
Global
	GlobalSection(SolutionConfigurationPlatforms) = preSolution
		Debug|Any CPU = Debug|Any CPU
		Release|Any CPU = Release|Any CPU
	EndGlobalSection
	GlobalSection(ProjectConfigurationPlatforms) = postSolution
		{B079204F-4073-47A8-A702-635D02B12DB3}.Debug|Any CPU.ActiveCfg = Debug|Any CPU
		{B079204F-4073-47A8-A702-635D02B12DB3}.Debug|Any CPU.Build.0 = Debug|Any CPU
		{B079204F-4073-47A8-A702-635D02B12DB3}.Release|Any CPU.ActiveCfg = Release|Any CPU
		{B079204F-4073-47A8-A702-635D02B12DB3}.Release|Any CPU.Build.0 = Release|Any CPU
		{A64684E5-7D15-4B00-848F-90711E2102B2}.Debug|Any CPU.ActiveCfg = Debug|Any CPU
		{A64684E5-7D15-4B00-848F-90711E2102B2}.Debug|Any CPU.Build.0 = Debug|Any CPU
		{A64684E5-7D15-4B00-848F-90711E2102B2}.Release|Any CPU.ActiveCfg = Release|Any CPU
		{A64684E5-7D15-4B00-848F-90711E2102B2}.Release|Any CPU.Build.0 = Release|Any CPU
		{83CB2F47-5C5D-429C-95E2-7EB64D845561}.Debug|Any CPU.ActiveCfg = Debug|Any CPU
		{83CB2F47-5C5D-429C-95E2-7EB64D845561}.Debug|Any CPU.Build.0 = Debug|Any CPU
		{83CB2F47-5C5D-429C-95E2-7EB64D845561}.Release|Any CPU.ActiveCfg = Release|Any CPU
		{83CB2F47-5C5D-429C-95E2-7EB64D845561}.Release|Any CPU.Build.0 = Release|Any CPU
	EndGlobalSection
	GlobalSection(SolutionProperties) = preSolution
		HideSolutionNode = FALSE
	EndGlobalSection
	GlobalSection(ExtensibilityGlobals) = postSolution
		SolutionGuid = {4126CA88-6FCE-4D2A-9731-E49FA16A5547}
	EndGlobalSection
EndGlobal
